
Microsoft Visual Studio Solution File, Format Version 12.00
# Visual Studio Version 17
VisualStudioVersion = 17.14.36616.10 d17.14
MinimumVisualStudioVersion = 10.0.40219.1
Project("{FAE04EC0-301F-11D3-BF4B-00C04F79EFBC}") = "Viewer", "Viewer\Viewer.csproj", "{BAABBDB7-E4FA-4D38-9259-B3B60B961E9D}"
EndProject
Global
	GlobalSection(SolutionConfigurationPlatforms) = preSolution
		Debug|Any CPU = Debug|Any CPU
		Release|Any CPU = Release|Any CPU
	EndGlobalSection
	GlobalSection(ProjectConfigurationPlatforms) = postSolution
		{BAABBDB7-E4FA-4D38-9259-B3B60B961E9D}.Debug|Any CPU.ActiveCfg = Debug|Any CPU
		{BAABBDB7-E4FA-4D38-9259-B3B60B961E9D}.Debug|Any CPU.Build.0 = Debug|Any CPU
		{BAABBDB7-E4FA-4D38-9259-B3B60B961E9D}.Release|Any CPU.ActiveCfg = Release|Any CPU
		{BAABBDB7-E4FA-4D38-9259-B3B60B961E9D}.Release|Any CPU.Build.0 = Release|Any CPU
	EndGlobalSection
	GlobalSection(SolutionProperties) = preSolution
		HideSolutionNode = FALSE
	EndGlobalSection
	GlobalSection(ExtensibilityGlobals) = postSolution
		SolutionGuid = {02F423ED-B97A-43D6-9FD6-69C5D68F89F1}
	EndGlobalSection
EndGlobal
